
Microsoft Visual Studio Solution File, Format Version 12.00
# Visual Studio 15
VisualStudioVersion = 15.0.28010.2036
MinimumVisualStudioVersion = 10.0.40219.1
Project("{8BC9CEB8-8B4A-11D0-8D11-00A0C91BC942}") = "lightDB", "lightDB\lightDB.vcxproj", "{3F3E1BF9-4D34-47E8-B605-38DF966D4EC1}"
EndProject
Project("{8BC9CEB8-8B4A-11D0-8D11-00A0C91BC942}") = "test", "test\test.vcxproj", "{663B25DD-8450-4828-B0BA-CEC84BBDBEA3}"
EndProject
Global
	GlobalSection(SolutionConfigurationPlatforms) = preSolution
		Debug|x64 = Debug|x64
		Debug|x86 = Debug|x86
		Release|x64 = Release|x64
		Release|x86 = Release|x86
	EndGlobalSection
	GlobalSection(ProjectConfigurationPlatforms) = postSolution
		{3F3E1BF9-4D34-47E8-B605-38DF966D4EC1}.Debug|x64.ActiveCfg = Debug|x64
		{3F3E1BF9-4D34-47E8-B605-38DF966D4EC1}.Debug|x64.Build.0 = Debug|x64
		{3F3E1BF9-4D34-47E8-B605-38DF966D4EC1}.Debug|x86.ActiveCfg = Debug|Win32
		{3F3E1BF9-4D34-47E8-B605-38DF966D4EC1}.Debug|x86.Build.0 = Debug|Win32
		{3F3E1BF9-4D34-47E8-B605-38DF966D4EC1}.Release|x64.ActiveCfg = Release|x64
		{3F3E1BF9-4D34-47E8-B605-38DF966D4EC1}.Release|x64.Build.0 = Release|x64
		{3F3E1BF9-4D34-47E8-B605-38DF966D4EC1}.Release|x86.ActiveCfg = Release|Win32
		{3F3E1BF9-4D34-47E8-B605-38DF966D4EC1}.Release|x86.Build.0 = Release|Win32
		{663B25DD-8450-4828-B0BA-CEC84BBDBEA3}.Debug|x64.ActiveCfg = Debug|x64
		{663B25DD-8450-4828-B0BA-CEC84BBDBEA3}.Debug|x64.Build.0 = Debug|x64
		{663B25DD-8450-4828-B0BA-CEC84BBDBEA3}.Debug|x86.ActiveCfg = Debug|Win32
		{663B25DD-8450-4828-B0BA-CEC84BBDBEA3}.Debug|x86.Build.0 = Debug|Win32
		{663B25DD-8450-4828-B0BA-CEC84BBDBEA3}.Release|x64.ActiveCfg = Release|x64
		{663B25DD-8450-4828-B0BA-CEC84BBDBEA3}.Release|x64.Build.0 = Release|x64
		{663B25DD-8450-4828-B0BA-CEC84BBDBEA3}.Release|x86.ActiveCfg = Release|Win32
		{663B25DD-8450-4828-B0BA-CEC84BBDBEA3}.Release|x86.Build.0 = Release|Win32
	EndGlobalSection
	GlobalSection(SolutionProperties) = preSolution
		HideSolutionNode = FALSE
	EndGlobalSection
	GlobalSection(ExtensibilityGlobals) = postSolution
		SolutionGuid = {83E99426-340C-4F30-A9E6-9A338A567F57}
	EndGlobalSection
EndGlobal
